{
    "name": "devopscapstone-project",
    "version": "1.0.0",
    "lockfileVersion": 1,
    "requires": true,
    "dependencies": {
        "@aws-cdk/assets": {
            "version": "1.61.1",
            "resolved": "https://registry.npmjs.org/@aws-cdk/assets/-/assets-1.61.1.tgz",
            "integrity": "sha512-Mdnd5pRIG+jzAfPQ/mlm//yiPCwBh+EmyBzjGSaRRaPCmi2rOe4veSgvndXYE6Yt0x/9E9LcXpj5wLpKH/Rx5Q==",
            "requires": {
                "@aws-cdk/core": "1.61.1",
                "@aws-cdk/cx-api": "1.61.1",
                "constructs": "^3.0.4"
            }
        },
        "@aws-cdk/aws-apigateway": {
            "version": "1.61.1",
            "resolved": "https://registry.npmjs.org/@aws-cdk/aws-apigateway/-/aws-apigateway-1.61.1.tgz",
            "integrity": "sha512-tAXwEzYPPYBCUrV4nfoj8rY0n8eLrnwHT28bCFCq3HWOOhwVPBLhzVp7hMk4bIF6heB4S2om2eBN1E4SpG1Pgw==",
            "requires": {
                "@aws-cdk/assets": "1.61.1",
                "@aws-cdk/aws-certificatemanager": "1.61.1",
                "@aws-cdk/aws-ec2": "1.61.1",
                "@aws-cdk/aws-elasticloadbalancingv2": "1.61.1",
                "@aws-cdk/aws-iam": "1.61.1",
                "@aws-cdk/aws-lambda": "1.61.1",
                "@aws-cdk/aws-logs": "1.61.1",
                "@aws-cdk/aws-s3": "1.61.1",
                "@aws-cdk/aws-s3-assets": "1.61.1",
                "@aws-cdk/core": "1.61.1",
                "@aws-cdk/cx-api": "1.61.1",
                "constructs": "^3.0.4"
            }
        },
        "@aws-cdk/aws-applicationautoscaling": {
            "version": "1.61.1",
            "resolved": "https://registry.npmjs.org/@aws-cdk/aws-applicationautoscaling/-/aws-applicationautoscaling-1.61.1.tgz",
            "integrity": "sha512-TaSYlsYnUuXq/hInYFFuBdtZu2Lc+PF2YnpRYMim2UZvlIFclxp2t4H4ktPmvvGgZjJ7AYYZ3SnzJn3+3ueFBQ==",
            "requires": {
                "@aws-cdk/aws-autoscaling-common": "1.61.1",
                "@aws-cdk/aws-cloudwatch": "1.61.1",
                "@aws-cdk/aws-iam": "1.61.1",
                "@aws-cdk/core": "1.61.1",
                "constructs": "^3.0.4"
            }
        },
        "@aws-cdk/aws-autoscaling": {
            "version": "1.61.1",
            "resolved": "https://registry.npmjs.org/@aws-cdk/aws-autoscaling/-/aws-autoscaling-1.61.1.tgz",
            "integrity": "sha512-nDGmLLGH7+zfS09cAHV2Q9uk8mMoMfr6fEiO5kuRMmZ812ule+1Iwiqog2C40kmJcaJrtffy9cM/uskmigFaaQ==",
            "requires": {
                "@aws-cdk/aws-autoscaling-common": "1.61.1",
                "@aws-cdk/aws-cloudwatch": "1.61.1",
                "@aws-cdk/aws-ec2": "1.61.1",
                "@aws-cdk/aws-elasticloadbalancing": "1.61.1",
                "@aws-cdk/aws-elasticloadbalancingv2": "1.61.1",
                "@aws-cdk/aws-iam": "1.61.1",
                "@aws-cdk/aws-sns": "1.61.1",
                "@aws-cdk/core": "1.61.1",
                "constructs": "^3.0.4"
            }
        },
        "@aws-cdk/aws-autoscaling-common": {
            "version": "1.61.1",
            "resolved": "https://registry.npmjs.org/@aws-cdk/aws-autoscaling-common/-/aws-autoscaling-common-1.61.1.tgz",
            "integrity": "sha512-eGTL/HR3Qd/r21AD/QAKjNOwNSmIQBayLlIKrDvfCn+WnN7DyNsEzfRLb+r/ElEG+kGomwuVqTnE2Vvn/VEXJA==",
            "requires": {
                "@aws-cdk/aws-iam": "1.61.1",
                "@aws-cdk/core": "1.61.1",
                "constructs": "^3.0.4"
            }
        },
        "@aws-cdk/aws-autoscaling-hooktargets": {
            "version": "1.61.1",
            "resolved": "https://registry.npmjs.org/@aws-cdk/aws-autoscaling-hooktargets/-/aws-autoscaling-hooktargets-1.61.1.tgz",
            "integrity": "sha512-W42NE4Lu2L76gGSaMggBgZ9+LGD1eR77F3oHprBnHp2tRZ1ej8Y3k1dN0yVwZ1347pBGsxd/YDG8O7mipaKweg==",
            "requires": {
                "@aws-cdk/aws-autoscaling": "1.61.1",
                "@aws-cdk/aws-iam": "1.61.1",
                "@aws-cdk/aws-kms": "1.61.1",
                "@aws-cdk/aws-lambda": "1.61.1",
                "@aws-cdk/aws-sns": "1.61.1",
                "@aws-cdk/aws-sns-subscriptions": "1.61.1",
                "@aws-cdk/aws-sqs": "1.61.1",
                "@aws-cdk/core": "1.61.1",
                "constructs": "^3.0.4"
            }
        },
        "@aws-cdk/aws-batch": {
            "version": "1.61.1",
            "resolved": "https://registry.npmjs.org/@aws-cdk/aws-batch/-/aws-batch-1.61.1.tgz",
            "integrity": "sha512-E5pKXBMNMYWB8YB/6lBRgonG0PsXQouSpmJOQ3gpHgEBpOxq7yJsaAnbrOkEzdk9OH5R7Dd+JJACpdKXkafY/g==",
            "requires": {
                "@aws-cdk/aws-ec2": "1.61.1",
                "@aws-cdk/aws-ecr": "1.61.1",
                "@aws-cdk/aws-ecs": "1.61.1",
                "@aws-cdk/aws-iam": "1.61.1",
                "@aws-cdk/core": "1.61.1",
                "constructs": "^3.0.4"
            }
        },
        "@aws-cdk/aws-certificatemanager": {
            "version": "1.61.1",
            "resolved": "https://registry.npmjs.org/@aws-cdk/aws-certificatemanager/-/aws-certificatemanager-1.61.1.tgz",
            "integrity": "sha512-IDIHqXf5r3qCHMbsGTWpR97lliQq6g89quwR6Dh16yry0F9A0Hc6ZhMmjC91Ybv4bPWiMmLWPlKNRy7eHqitgg==",
            "requires": {
                "@aws-cdk/aws-iam": "1.61.1",
                "@aws-cdk/aws-lambda": "1.61.1",
                "@aws-cdk/aws-route53": "1.61.1",
                "@aws-cdk/core": "1.61.1",
                "constructs": "^3.0.4"
            }
        },
        "@aws-cdk/aws-cloudformation": {
            "version": "1.61.1",
            "resolved": "https://registry.npmjs.org/@aws-cdk/aws-cloudformation/-/aws-cloudformation-1.61.1.tgz",
            "integrity": "sha512-T0ekC4SpxSeY6pD7LQ3844JbWPuVm8aQYqTY/px0oOQ9wYr88EaTN0g7G0qpKtDP0thGDsL/O9QMRPUw4ywVIg==",
            "requires": {
                "@aws-cdk/aws-iam": "1.61.1",
                "@aws-cdk/aws-lambda": "1.61.1",
                "@aws-cdk/aws-s3": "1.61.1",
                "@aws-cdk/aws-sns": "1.61.1",
                "@aws-cdk/core": "1.61.1",
                "@aws-cdk/cx-api": "1.61.1",
                "constructs": "^3.0.4"
            }
        },
        "@aws-cdk/aws-cloudfront": {
            "version": "1.61.1",
            "resolved": "https://registry.npmjs.org/@aws-cdk/aws-cloudfront/-/aws-cloudfront-1.61.1.tgz",
            "integrity": "sha512-Jjd25Zd85GRgtMKbqqkBYm06QTOE5URTIX3UMMmgWHIC60LIHyrM/3F9rmfcYwu1TfHdSZ2BUaouJbjeElJ4fQ==",
            "requires": {
                "@aws-cdk/aws-certificatemanager": "1.61.1",
                "@aws-cdk/aws-iam": "1.61.1",
                "@aws-cdk/aws-kms": "1.61.1",
                "@aws-cdk/aws-lambda": "1.61.1",
                "@aws-cdk/aws-s3": "1.61.1",
                "@aws-cdk/core": "1.61.1",
                "constructs": "^3.0.4"
            }
        },
        "@aws-cdk/aws-cloudwatch": {
            "version": "1.61.1",
            "resolved": "https://registry.npmjs.org/@aws-cdk/aws-cloudwatch/-/aws-cloudwatch-1.61.1.tgz",
            "integrity": "sha512-V2zFKeKcohsmZNsK5mi2/q/9e/RoJtQkK+1/v4OCRUWNjTJXc/Qcw19+/0srarg9U4OaxmJUVskgUbplpC/aDg==",
            "requires": {
                "@aws-cdk/aws-iam": "1.61.1",
                "@aws-cdk/core": "1.61.1",
                "constructs": "^3.0.4"
            }
        },
        "@aws-cdk/aws-codebuild": {
            "version": "1.61.1",
            "resolved": "https://registry.npmjs.org/@aws-cdk/aws-codebuild/-/aws-codebuild-1.61.1.tgz",
            "integrity": "sha512-kS8Ka/Bs+AlVVUN+DTe7dzfdIZU3ov46ohD4ABHVenWC9TbkFop48in6VvrOqpJ3s9z+UJl5JJsga4PqKh4Qzw==",
            "requires": {
                "@aws-cdk/assets": "1.61.1",
                "@aws-cdk/aws-cloudwatch": "1.61.1",
                "@aws-cdk/aws-codecommit": "1.61.1",
                "@aws-cdk/aws-ec2": "1.61.1",
                "@aws-cdk/aws-ecr": "1.61.1",
                "@aws-cdk/aws-ecr-assets": "1.61.1",
                "@aws-cdk/aws-events": "1.61.1",
                "@aws-cdk/aws-iam": "1.61.1",
                "@aws-cdk/aws-kms": "1.61.1",
                "@aws-cdk/aws-s3": "1.61.1",
                "@aws-cdk/aws-s3-assets": "1.61.1",
                "@aws-cdk/aws-secretsmanager": "1.61.1",
                "@aws-cdk/core": "1.61.1",
                "@aws-cdk/region-info": "1.61.1",
                "constructs": "^3.0.4"
            }
        },
        "@aws-cdk/aws-codecommit": {
            "version": "1.61.1",
            "resolved": "https://registry.npmjs.org/@aws-cdk/aws-codecommit/-/aws-codecommit-1.61.1.tgz",
            "integrity": "sha512-cf6CbhSm+KCnxiS/SnNHawwXl4yJWprtlWLuo5SqII1UcQl/lMVgCago3B+yiQqbRJJtdu4aA1pxkmd6E0p/SA==",
            "requires": {
                "@aws-cdk/aws-events": "1.61.1",
                "@aws-cdk/aws-iam": "1.61.1",
                "@aws-cdk/core": "1.61.1",
                "constructs": "^3.0.4"
            }
        },
        "@aws-cdk/aws-codedeploy": {
            "version": "1.61.1",
            "resolved": "https://registry.npmjs.org/@aws-cdk/aws-codedeploy/-/aws-codedeploy-1.61.1.tgz",
            "integrity": "sha512-b/ao8No1b6mMyTJ56AqcBAJGi46efRzBKgjBa+1hYvCRTYv6/zUQSO6q6bUb8abzTOr50cFbeg1TDSSSdQ031g==",
            "requires": {
                "@aws-cdk/aws-autoscaling": "1.61.1",
                "@aws-cdk/aws-cloudwatch": "1.61.1",
                "@aws-cdk/aws-ec2": "1.61.1",
                "@aws-cdk/aws-elasticloadbalancing": "1.61.1",
                "@aws-cdk/aws-elasticloadbalancingv2": "1.61.1",
                "@aws-cdk/aws-iam": "1.61.1",
                "@aws-cdk/aws-lambda": "1.61.1",
                "@aws-cdk/aws-s3": "1.61.1",
                "@aws-cdk/core": "1.61.1",
                "constructs": "^3.0.4"
            }
        },
        "@aws-cdk/aws-codeguruprofiler": {
            "version": "1.61.1",
            "resolved": "https://registry.npmjs.org/@aws-cdk/aws-codeguruprofiler/-/aws-codeguruprofiler-1.61.1.tgz",
            "integrity": "sha512-DKy24DQz4sA+mbpQDDL24PO+BBiJtciLE0rbvVL/rN9x7HhX3yS8HfcLjEj/2PnKkBQBE7YBirjfngBHJt7J9Q==",
            "requires": {
                "@aws-cdk/aws-iam": "1.61.1",
                "@aws-cdk/core": "1.61.1"
            }
        },
        "@aws-cdk/aws-codepipeline": {
            "version": "1.61.1",
            "resolved": "https://registry.npmjs.org/@aws-cdk/aws-codepipeline/-/aws-codepipeline-1.61.1.tgz",
            "integrity": "sha512-Gejo0egmdWTdYUPwH+95/Gba334dLZpyQQoBEJzRzxYoYq0pgnek3zBx4WTEMm5bqLs0tv2eTtDHPvo8Hy3cIA==",
            "requires": {
                "@aws-cdk/aws-events": "1.61.1",
                "@aws-cdk/aws-iam": "1.61.1",
                "@aws-cdk/aws-kms": "1.61.1",
                "@aws-cdk/aws-s3": "1.61.1",
                "@aws-cdk/core": "1.61.1",
                "constructs": "^3.0.4"
            }
        },
        "@aws-cdk/aws-codepipeline-actions": {
            "version": "1.61.1",
            "resolved": "https://registry.npmjs.org/@aws-cdk/aws-codepipeline-actions/-/aws-codepipeline-actions-1.61.1.tgz",
            "integrity": "sha512-toMENYbby7Z/W+MwuHM6Dt/a/ADccFH0vSXNqE/nW3KjWacY8FiRKfMjyBqrrRpPBQgp5SSBcGu6n342nLYKHQ==",
            "requires": {
                "@aws-cdk/aws-cloudformation": "1.61.1",
                "@aws-cdk/aws-codebuild": "1.61.1",
                "@aws-cdk/aws-codecommit": "1.61.1",
                "@aws-cdk/aws-codedeploy": "1.61.1",
                "@aws-cdk/aws-codepipeline": "1.61.1",
                "@aws-cdk/aws-ec2": "1.61.1",
                "@aws-cdk/aws-ecr": "1.61.1",
                "@aws-cdk/aws-ecs": "1.61.1",
                "@aws-cdk/aws-events": "1.61.1",
                "@aws-cdk/aws-events-targets": "1.61.1",
                "@aws-cdk/aws-iam": "1.61.1",
                "@aws-cdk/aws-lambda": "1.61.1",
                "@aws-cdk/aws-s3": "1.61.1",
                "@aws-cdk/aws-servicecatalog": "1.61.1",
                "@aws-cdk/aws-sns": "1.61.1",
                "@aws-cdk/aws-sns-subscriptions": "1.61.1",
                "@aws-cdk/aws-stepfunctions": "1.61.1",
                "@aws-cdk/core": "1.61.1",
                "case": "1.6.3",
                "constructs": "^3.0.4"
            },
            "dependencies": {
                "case": {
                    "version": "1.6.3",
                    "bundled": true
                }
            }
        },
        "@aws-cdk/aws-cognito": {
            "version": "1.61.1",
            "resolved": "https://registry.npmjs.org/@aws-cdk/aws-cognito/-/aws-cognito-1.61.1.tgz",
            "integrity": "sha512-D9hxAzjUjAHs5QL4pfe4ZIFitFs9TeSs/ykm0SkhoOxJzbxaIAJtLYqtjXGmdqqouomjUxkuVYfaCo6X3A6nhw==",
            "requires": {
                "@aws-cdk/aws-certificatemanager": "1.61.1",
                "@aws-cdk/aws-iam": "1.61.1",
                "@aws-cdk/aws-lambda": "1.61.1",
                "@aws-cdk/core": "1.61.1",
                "@aws-cdk/custom-resources": "1.61.1",
                "constructs": "^3.0.4"
            }
        },
        "@aws-cdk/aws-ec2": {
            "version": "1.61.1",
            "resolved": "https://registry.npmjs.org/@aws-cdk/aws-ec2/-/aws-ec2-1.61.1.tgz",
            "integrity": "sha512-FlXVhVlD5EqBbnsDAJxl1ANQRYGmL1c0UEIzjlo+1avq1RYiU8sM8pfSm6iV17AYjgmIP5BvZUkJ3NTIruT/VA==",
            "requires": {
                "@aws-cdk/aws-cloudwatch": "1.61.1",
                "@aws-cdk/aws-iam": "1.61.1",
                "@aws-cdk/aws-kms": "1.61.1",
                "@aws-cdk/aws-logs": "1.61.1",
                "@aws-cdk/aws-s3": "1.61.1",
                "@aws-cdk/aws-s3-assets": "1.61.1",
                "@aws-cdk/aws-ssm": "1.61.1",
                "@aws-cdk/cloud-assembly-schema": "1.61.1",
                "@aws-cdk/core": "1.61.1",
                "@aws-cdk/cx-api": "1.61.1",
                "@aws-cdk/region-info": "1.61.1",
                "constructs": "^3.0.4"
            }
        },
        "@aws-cdk/aws-ecr": {
            "version": "1.61.1",
            "resolved": "https://registry.npmjs.org/@aws-cdk/aws-ecr/-/aws-ecr-1.61.1.tgz",
            "integrity": "sha512-ZDJL4HOaAYW84jp5yYy3SvdZUtbZhs+pCTHNLeAxuUkXmG4x5h/1eCK71Y/nhXSyDnDPcllpzYFUkkfzKB/h/Q==",
            "requires": {
                "@aws-cdk/aws-events": "1.61.1",
                "@aws-cdk/aws-iam": "1.61.1",
                "@aws-cdk/core": "1.61.1",
                "@aws-cdk/custom-resources": "1.61.1",
                "constructs": "^3.0.4"
            }
        },
        "@aws-cdk/aws-ecr-assets": {
            "version": "1.61.1",
            "resolved": "https://registry.npmjs.org/@aws-cdk/aws-ecr-assets/-/aws-ecr-assets-1.61.1.tgz",
            "integrity": "sha512-m/Gfw/8fpK9FHu+yhGajZmQRdKilw89jGyjR2uMA5dYJaO4IU/nq4P1RwvWcflwxNYCCK8a5IdIpbUbFi36eHQ==",
            "requires": {
                "@aws-cdk/assets": "1.61.1",
                "@aws-cdk/aws-ecr": "1.61.1",
                "@aws-cdk/aws-iam": "1.61.1",
                "@aws-cdk/aws-lambda": "1.61.1",
                "@aws-cdk/aws-s3": "1.61.1",
                "@aws-cdk/core": "1.61.1",
                "@aws-cdk/cx-api": "1.61.1",
                "constructs": "^3.0.4",
                "minimatch": "^3.0.4"
            },
            "dependencies": {
                "balanced-match": {
                    "version": "1.0.0",
                    "bundled": true
                },
                "brace-expansion": {
                    "version": "1.1.11",
                    "bundled": true,
                    "requires": {
                        "balanced-match": "^1.0.0",
                        "concat-map": "0.0.1"
                    }
                },
                "concat-map": {
                    "version": "0.0.1",
                    "bundled": true
                },
                "minimatch": {
                    "version": "3.0.4",
                    "bundled": true,
                    "requires": {
                        "brace-expansion": "^1.1.7"
                    }
                }
            }
        },
        "@aws-cdk/aws-ecs": {
            "version": "1.61.1",
            "resolved": "https://registry.npmjs.org/@aws-cdk/aws-ecs/-/aws-ecs-1.61.1.tgz",
            "integrity": "sha512-NnNOXfyRr57caLmfnVOt+ADJ9t0hqVOtSDhAQ3HqcgY4eUu14iL+yiqqCkxMS36sG2rS138m35H/l5WV4uP8qA==",
            "requires": {
                "@aws-cdk/aws-applicationautoscaling": "1.61.1",
                "@aws-cdk/aws-autoscaling": "1.61.1",
                "@aws-cdk/aws-autoscaling-hooktargets": "1.61.1",
                "@aws-cdk/aws-certificatemanager": "1.61.1",
                "@aws-cdk/aws-cloudwatch": "1.61.1",
                "@aws-cdk/aws-ec2": "1.61.1",
                "@aws-cdk/aws-ecr": "1.61.1",
                "@aws-cdk/aws-ecr-assets": "1.61.1",
                "@aws-cdk/aws-elasticloadbalancing": "1.61.1",
                "@aws-cdk/aws-elasticloadbalancingv2": "1.61.1",
                "@aws-cdk/aws-iam": "1.61.1",
                "@aws-cdk/aws-kms": "1.61.1",
                "@aws-cdk/aws-lambda": "1.61.1",
                "@aws-cdk/aws-logs": "1.61.1",
                "@aws-cdk/aws-route53": "1.61.1",
                "@aws-cdk/aws-route53-targets": "1.61.1",
                "@aws-cdk/aws-secretsmanager": "1.61.1",
                "@aws-cdk/aws-servicediscovery": "1.61.1",
                "@aws-cdk/aws-sns": "1.61.1",
                "@aws-cdk/aws-sqs": "1.61.1",
                "@aws-cdk/aws-ssm": "1.61.1",
                "@aws-cdk/core": "1.61.1",
                "@aws-cdk/cx-api": "1.61.1",
                "constructs": "^3.0.4"
            }
        },
        "@aws-cdk/aws-efs": {
            "version": "1.61.1",
            "resolved": "https://registry.npmjs.org/@aws-cdk/aws-efs/-/aws-efs-1.61.1.tgz",
            "integrity": "sha512-Po9WxkcrgwzEG76umYSd4YlqVVYvJOVRCgjJC7UfA62oMoBqtprXBZ95oZOWZg9+ndTWd2X3bq+yin9bY32srw==",
            "requires": {
                "@aws-cdk/aws-ec2": "1.61.1",
                "@aws-cdk/aws-kms": "1.61.1",
                "@aws-cdk/cloud-assembly-schema": "1.61.1",
                "@aws-cdk/core": "1.61.1",
                "@aws-cdk/cx-api": "1.61.1",
                "constructs": "^3.0.4"
            }
        },
        "@aws-cdk/aws-elasticloadbalancing": {
            "version": "1.61.1",
            "resolved": "https://registry.npmjs.org/@aws-cdk/aws-elasticloadbalancing/-/aws-elasticloadbalancing-1.61.1.tgz",
            "integrity": "sha512-LEltKPeuF1MkSnASICj0mz0HMLjwGvSpZ2Es3Yky0O9GS8DLise7Vi7e0+2/5s+bHKUyQV0i5FYu30K0HoCw7w==",
            "requires": {
                "@aws-cdk/aws-ec2": "1.61.1",
                "@aws-cdk/core": "1.61.1",
                "constructs": "^3.0.4"
            }
        },
        "@aws-cdk/aws-elasticloadbalancingv2": {
            "version": "1.61.1",
            "resolved": "https://registry.npmjs.org/@aws-cdk/aws-elasticloadbalancingv2/-/aws-elasticloadbalancingv2-1.61.1.tgz",
            "integrity": "sha512-4MVyGYxu8KvKhc4/NbGakZD5JjMBx4GWpDp2pnjQIVxxmQ4/dHxcDQW7+4C7/mz83bNVNhYLzmvjRHmN5obeRA==",
            "requires": {
                "@aws-cdk/aws-certificatemanager": "1.61.1",
                "@aws-cdk/aws-cloudwatch": "1.61.1",
                "@aws-cdk/aws-ec2": "1.61.1",
                "@aws-cdk/aws-iam": "1.61.1",
                "@aws-cdk/aws-lambda": "1.61.1",
                "@aws-cdk/aws-s3": "1.61.1",
                "@aws-cdk/core": "1.61.1",
                "@aws-cdk/region-info": "1.61.1",
                "constructs": "^3.0.4"
            }
        },
        "@aws-cdk/aws-events": {
            "version": "1.61.1",
            "resolved": "https://registry.npmjs.org/@aws-cdk/aws-events/-/aws-events-1.61.1.tgz",
            "integrity": "sha512-xdwfxVp3MM+83JxgXdD6gTAFu3PsG0qnxS6Bl/E0KU3lwLLfcYn9yxsG921OoX6sH25JJ0Rijn+IhRr5vtFggQ==",
            "requires": {
                "@aws-cdk/aws-iam": "1.61.1",
                "@aws-cdk/core": "1.61.1",
                "constructs": "^3.0.4"
            }
        },
        "@aws-cdk/aws-events-targets": {
            "version": "1.61.1",
            "resolved": "https://registry.npmjs.org/@aws-cdk/aws-events-targets/-/aws-events-targets-1.61.1.tgz",
            "integrity": "sha512-C05hJDdP9x15390zL1VWV36pOSHdm3SZf4SAFm+IzVf9JqsDxpvwwh46pg8wi8c+mK2S3+hAuPsHdsgWEMP9rA==",
            "requires": {
                "@aws-cdk/aws-batch": "1.61.1",
                "@aws-cdk/aws-codebuild": "1.61.1",
                "@aws-cdk/aws-codepipeline": "1.61.1",
                "@aws-cdk/aws-ec2": "1.61.1",
                "@aws-cdk/aws-ecs": "1.61.1",
                "@aws-cdk/aws-events": "1.61.1",
                "@aws-cdk/aws-iam": "1.61.1",
                "@aws-cdk/aws-kinesis": "1.61.1",
                "@aws-cdk/aws-lambda": "1.61.1",
                "@aws-cdk/aws-sns": "1.61.1",
                "@aws-cdk/aws-sns-subscriptions": "1.61.1",
                "@aws-cdk/aws-sqs": "1.61.1",
                "@aws-cdk/aws-stepfunctions": "1.61.1",
                "@aws-cdk/core": "1.61.1",
                "constructs": "^3.0.4"
            }
        },
        "@aws-cdk/aws-iam": {
            "version": "1.61.1",
            "resolved": "https://registry.npmjs.org/@aws-cdk/aws-iam/-/aws-iam-1.61.1.tgz",
            "integrity": "sha512-XpEKwSqAEK/xRNcvFo6B1RwvEcaP/6XSu/xsYNhRufeOZd4YB0ktdq9xD0NZvZTBlKQ5Qc5bP7MHa/+NdYuwfA==",
            "requires": {
                "@aws-cdk/core": "1.61.1",
                "@aws-cdk/region-info": "1.61.1",
                "constructs": "^3.0.4"
            }
        },
        "@aws-cdk/aws-kinesis": {
            "version": "1.61.1",
            "resolved": "https://registry.npmjs.org/@aws-cdk/aws-kinesis/-/aws-kinesis-1.61.1.tgz",
            "integrity": "sha512-hrbV5+vfF0BKmH+FEKcVRtnS/uoec5uJ3PAyqRb4BfjtAPuEUHixlIKCeLNFtxaDTLO6RInNLnebFkmG0yg6Vg==",
            "requires": {
                "@aws-cdk/aws-iam": "1.61.1",
                "@aws-cdk/aws-kms": "1.61.1",
                "@aws-cdk/aws-logs": "1.61.1",
                "@aws-cdk/core": "1.61.1",
                "constructs": "^3.0.4"
            }
        },
        "@aws-cdk/aws-kms": {
            "version": "1.61.1",
            "resolved": "https://registry.npmjs.org/@aws-cdk/aws-kms/-/aws-kms-1.61.1.tgz",
            "integrity": "sha512-wOg12iuCBCdvpkNzIkUF5owb8rMblJ4kUnvnRQk5WQm/EQJjQnfn+BRp1D81XroEiPPv2kfvE8VeqMU+cynSkQ==",
            "requires": {
                "@aws-cdk/aws-iam": "1.61.1",
                "@aws-cdk/core": "1.61.1",
                "constructs": "^3.0.4"
            }
        },
        "@aws-cdk/aws-lambda": {
            "version": "1.61.1",
            "resolved": "https://registry.npmjs.org/@aws-cdk/aws-lambda/-/aws-lambda-1.61.1.tgz",
            "integrity": "sha512-pLlYaU8hLDIU8MKobdlhj8xJMaGWpvub5X7Bjmj+5iUQPsR4sb1UE2YGwDqKryQkx+aAPCZLnglQ0dpICZDr0w==",
            "requires": {
                "@aws-cdk/aws-applicationautoscaling": "1.61.1",
                "@aws-cdk/aws-cloudwatch": "1.61.1",
                "@aws-cdk/aws-codeguruprofiler": "1.61.1",
                "@aws-cdk/aws-ec2": "1.61.1",
                "@aws-cdk/aws-efs": "1.61.1",
                "@aws-cdk/aws-events": "1.61.1",
                "@aws-cdk/aws-iam": "1.61.1",
                "@aws-cdk/aws-logs": "1.61.1",
                "@aws-cdk/aws-s3": "1.61.1",
                "@aws-cdk/aws-s3-assets": "1.61.1",
                "@aws-cdk/aws-sqs": "1.61.1",
                "@aws-cdk/core": "1.61.1",
                "@aws-cdk/cx-api": "1.61.1",
                "constructs": "^3.0.4"
            }
        },
        "@aws-cdk/aws-logs": {
            "version": "1.61.1",
            "resolved": "https://registry.npmjs.org/@aws-cdk/aws-logs/-/aws-logs-1.61.1.tgz",
            "integrity": "sha512-dtotjjJKCoUrx8wD1/K0KnY3aT6fEmKcvzfU6pqPQ1LUeZXD/6Z18J2NEnejJqq1lSCf5PZO3bUVbI76vNFFbQ==",
            "requires": {
                "@aws-cdk/aws-cloudwatch": "1.61.1",
                "@aws-cdk/aws-iam": "1.61.1",
                "@aws-cdk/aws-s3-assets": "1.61.1",
                "@aws-cdk/core": "1.61.1",
                "constructs": "^3.0.4"
            }
        },
        "@aws-cdk/aws-route53": {
            "version": "1.61.1",
            "resolved": "https://registry.npmjs.org/@aws-cdk/aws-route53/-/aws-route53-1.61.1.tgz",
            "integrity": "sha512-peT+LNJ60jI2bL4nWsFjkuGxve1oZdWeEHFP/+nZMoDGYp4wat430I8WKtH5n70OT7JsvyAIldNxcZa0Kti/Lg==",
            "requires": {
                "@aws-cdk/aws-ec2": "1.61.1",
                "@aws-cdk/aws-logs": "1.61.1",
                "@aws-cdk/cloud-assembly-schema": "1.61.1",
                "@aws-cdk/core": "1.61.1",
                "constructs": "^3.0.4"
            }
        },
        "@aws-cdk/aws-route53-targets": {
            "version": "1.61.1",
            "resolved": "https://registry.npmjs.org/@aws-cdk/aws-route53-targets/-/aws-route53-targets-1.61.1.tgz",
            "integrity": "sha512-19i7cFW2SaQawChJmh7e0F+OobW7RnHpsTDKgKs2lHnJ5CYRg+Ziac0ngDqjp/OO6bpWfNgOpmUiO4mOpQyvbQ==",
            "requires": {
                "@aws-cdk/aws-apigateway": "1.61.1",
                "@aws-cdk/aws-cloudfront": "1.61.1",
                "@aws-cdk/aws-cognito": "1.61.1",
                "@aws-cdk/aws-ec2": "1.61.1",
                "@aws-cdk/aws-elasticloadbalancing": "1.61.1",
                "@aws-cdk/aws-elasticloadbalancingv2": "1.61.1",
                "@aws-cdk/aws-iam": "1.61.1",
                "@aws-cdk/aws-route53": "1.61.1",
                "@aws-cdk/aws-s3": "1.61.1",
                "@aws-cdk/core": "1.61.1",
                "@aws-cdk/region-info": "1.61.1",
                "constructs": "^3.0.4"
            }
        },
        "@aws-cdk/aws-s3": {
            "version": "1.61.1",
            "resolved": "https://registry.npmjs.org/@aws-cdk/aws-s3/-/aws-s3-1.61.1.tgz",
            "integrity": "sha512-PmV5qLR+M7NaTRpcKoqCyt8eHJHqCqn76eyS+MXJRojVZBD/5ScMTqmn0d8nT6UMO3dWThZDZdvssoqLwXKbXA==",
            "requires": {
                "@aws-cdk/aws-events": "1.61.1",
                "@aws-cdk/aws-iam": "1.61.1",
                "@aws-cdk/aws-kms": "1.61.1",
                "@aws-cdk/core": "1.61.1",
                "constructs": "^3.0.4"
            }
        },
        "@aws-cdk/aws-s3-assets": {
            "version": "1.61.1",
            "resolved": "https://registry.npmjs.org/@aws-cdk/aws-s3-assets/-/aws-s3-assets-1.61.1.tgz",
            "integrity": "sha512-Uy98uNdopUdDMsk2O7fzho23T4cx74yKuDNn8tWhisRijBdxATfFUmfYoMhUKch46cpUp98EHx0BXZfiuHrdoQ==",
            "requires": {
                "@aws-cdk/assets": "1.61.1",
                "@aws-cdk/aws-iam": "1.61.1",
                "@aws-cdk/aws-kms": "1.61.1",
                "@aws-cdk/aws-s3": "1.61.1",
                "@aws-cdk/core": "1.61.1",
                "@aws-cdk/cx-api": "1.61.1",
                "constructs": "^3.0.4"
            }
        },
        "@aws-cdk/aws-sam": {
            "version": "1.61.1",
            "resolved": "https://registry.npmjs.org/@aws-cdk/aws-sam/-/aws-sam-1.61.1.tgz",
            "integrity": "sha512-yBSNAMKqAM8JngiJLjzUKLvxKSfsmFNij4J0aYW9/Z/R8HSPh94+J/VT6d6aFGdE33GH/aLH/HUWhVYsNva1Uw==",
            "requires": {
                "@aws-cdk/core": "1.61.1",
                "constructs": "^3.0.4"
            }
        },
        "@aws-cdk/aws-secretsmanager": {
            "version": "1.61.1",
            "resolved": "https://registry.npmjs.org/@aws-cdk/aws-secretsmanager/-/aws-secretsmanager-1.61.1.tgz",
            "integrity": "sha512-xFkcOqs65MMRFXUZmubFxEWcKnQCyjZA9/k+vc1ChPPhlDiecdAAf7VptW2OzNeVyhiW1hWRbi6tu5y4gPfQHw==",
            "requires": {
                "@aws-cdk/aws-ec2": "1.61.1",
                "@aws-cdk/aws-iam": "1.61.1",
                "@aws-cdk/aws-kms": "1.61.1",
                "@aws-cdk/aws-lambda": "1.61.1",
                "@aws-cdk/aws-sam": "1.61.1",
                "@aws-cdk/core": "1.61.1",
                "constructs": "^3.0.4"
            }
        },
        "@aws-cdk/aws-servicecatalog": {
            "version": "1.61.1",
            "resolved": "https://registry.npmjs.org/@aws-cdk/aws-servicecatalog/-/aws-servicecatalog-1.61.1.tgz",
            "integrity": "sha512-ypBKupcSLsw7ubnYq4CnmQJMqhzXZ/C65cSBwlyu5oflbeefdzzv2eQjtLmr2fAvsDAdamwPn3WyxV+N5VrLvQ==",
            "requires": {
                "@aws-cdk/core": "1.61.1",
                "constructs": "^3.0.4"
            }
        },
        "@aws-cdk/aws-servicediscovery": {
            "version": "1.61.1",
            "resolved": "https://registry.npmjs.org/@aws-cdk/aws-servicediscovery/-/aws-servicediscovery-1.61.1.tgz",
            "integrity": "sha512-I65yzo4Ty2poOG0R0z9GDN88xdUArJ+j+x9t0hVnCneRNJhGmYuxXmCnJd58w0m0wjEpLzyeff/VQ5p/VL5Jfg==",
            "requires": {
                "@aws-cdk/aws-ec2": "1.61.1",
                "@aws-cdk/aws-elasticloadbalancingv2": "1.61.1",
                "@aws-cdk/aws-route53": "1.61.1",
                "@aws-cdk/core": "1.61.1",
                "constructs": "^3.0.4"
            }
        },
        "@aws-cdk/aws-sns": {
            "version": "1.61.1",
            "resolved": "https://registry.npmjs.org/@aws-cdk/aws-sns/-/aws-sns-1.61.1.tgz",
            "integrity": "sha512-9wp4ogMh5+8BnAqlfITqh19UEgTMAKclk49U1cYI/ZjBdR8hiuIqGPqltPZnM79xyl8XEVGWVGh6XFcGTeGVuw==",
            "requires": {
                "@aws-cdk/aws-cloudwatch": "1.61.1",
                "@aws-cdk/aws-events": "1.61.1",
                "@aws-cdk/aws-iam": "1.61.1",
                "@aws-cdk/aws-kms": "1.61.1",
                "@aws-cdk/aws-sqs": "1.61.1",
                "@aws-cdk/core": "1.61.1",
                "constructs": "^3.0.4"
            }
        },
        "@aws-cdk/aws-sns-subscriptions": {
            "version": "1.61.1",
            "resolved": "https://registry.npmjs.org/@aws-cdk/aws-sns-subscriptions/-/aws-sns-subscriptions-1.61.1.tgz",
            "integrity": "sha512-RpxrSS4wsAmwnCAq4KCgokW3STRDW7Zlz0OiXigR+gauJc9C4FG5lcQavsLfvkZqYq5hGpgWWMrhgNmnlSCVlw==",
            "requires": {
                "@aws-cdk/aws-iam": "1.61.1",
                "@aws-cdk/aws-lambda": "1.61.1",
                "@aws-cdk/aws-sns": "1.61.1",
                "@aws-cdk/aws-sqs": "1.61.1",
                "@aws-cdk/core": "1.61.1",
                "constructs": "^3.0.4"
            }
        },
        "@aws-cdk/aws-sqs": {
            "version": "1.61.1",
            "resolved": "https://registry.npmjs.org/@aws-cdk/aws-sqs/-/aws-sqs-1.61.1.tgz",
            "integrity": "sha512-TxA5mVZf1uWK/aPhmQshATzzMq2EDK32KGW1ABPAu65/kPzJKiR9/3YoPJrI7jFWGA4AaE9aMAwKI/DDMQRqKg==",
            "requires": {
                "@aws-cdk/aws-cloudwatch": "1.61.1",
                "@aws-cdk/aws-iam": "1.61.1",
                "@aws-cdk/aws-kms": "1.61.1",
                "@aws-cdk/core": "1.61.1",
                "constructs": "^3.0.4"
            }
        },
        "@aws-cdk/aws-ssm": {
            "version": "1.61.1",
            "resolved": "https://registry.npmjs.org/@aws-cdk/aws-ssm/-/aws-ssm-1.61.1.tgz",
            "integrity": "sha512-gThHRdeZgWOD3kjbYDoWysgu52N02KeV10+dtVVCNWLT4uiZURxtpjSkv9gee+R+uc3zhb4G/oLLDLJOnnyZUA==",
            "requires": {
                "@aws-cdk/aws-iam": "1.61.1",
                "@aws-cdk/aws-kms": "1.61.1",
                "@aws-cdk/cloud-assembly-schema": "1.61.1",
                "@aws-cdk/core": "1.61.1",
                "constructs": "^3.0.4"
            }
        },
        "@aws-cdk/aws-stepfunctions": {
            "version": "1.61.1",
            "resolved": "https://registry.npmjs.org/@aws-cdk/aws-stepfunctions/-/aws-stepfunctions-1.61.1.tgz",
            "integrity": "sha512-xY56pa+jvVi36a/4GJmPlJ467Gu/Y6C4zxN2norzhqLr9c1pddVUaUQeO5mjTgKuSGiCBWxEFH5ihI7cFLYifw==",
            "requires": {
                "@aws-cdk/aws-cloudwatch": "1.61.1",
                "@aws-cdk/aws-events": "1.61.1",
                "@aws-cdk/aws-iam": "1.61.1",
                "@aws-cdk/aws-logs": "1.61.1",
                "@aws-cdk/core": "1.61.1",
                "constructs": "^3.0.4"
            }
        },
        "@aws-cdk/cloud-assembly-schema": {
            "version": "1.61.1",
            "resolved": "https://registry.npmjs.org/@aws-cdk/cloud-assembly-schema/-/cloud-assembly-schema-1.61.1.tgz",
            "integrity": "sha512-o8lvKcDY5jKe6qnFF7rHKWQUk0bzSy39Aw3QJchXiDR4HmB8nxVNB0kIVgWKAcHfFQbZaR5iA80IsgDtyC8ywA==",
            "requires": {
                "jsonschema": "^1.2.5",
                "semver": "^7.2.2"
            },
            "dependencies": {
                "jsonschema": {
                    "version": "1.2.6",
                    "bundled": true
                },
                "semver": {
                    "version": "7.3.2",
                    "bundled": true
                }
            }
        },
        "@aws-cdk/core": {
            "version": "1.61.1",
            "resolved": "https://registry.npmjs.org/@aws-cdk/core/-/core-1.61.1.tgz",
            "integrity": "sha512-MtWTXl67quAV0UbTYHk+uofXcLdgiJcQ4D+ukIKpUimjaWV+HeY+HOGN9IvswtjtJyuDZb47+G1eUwb1+1gvzw==",
            "requires": {
                "@aws-cdk/cloud-assembly-schema": "1.61.1",
                "@aws-cdk/cx-api": "1.61.1",
                "constructs": "^3.0.4",
                "fs-extra": "^9.0.1",
                "minimatch": "^3.0.4"
            },
            "dependencies": {
                "at-least-node": {
                    "version": "1.0.0",
                    "bundled": true
                },
                "balanced-match": {
                    "version": "1.0.0",
                    "bundled": true
                },
                "brace-expansion": {
                    "version": "1.1.11",
                    "bundled": true,
                    "requires": {
                        "balanced-match": "^1.0.0",
                        "concat-map": "0.0.1"
                    }
                },
                "concat-map": {
                    "version": "0.0.1",
                    "bundled": true
                },
                "fs-extra": {
                    "version": "9.0.1",
                    "bundled": true,
                    "requires": {
                        "at-least-node": "^1.0.0",
                        "graceful-fs": "^4.2.0",
                        "jsonfile": "^6.0.1",
                        "universalify": "^1.0.0"
                    }
                },
                "graceful-fs": {
                    "version": "4.2.4",
                    "bundled": true
                },
                "jsonfile": {
                    "version": "6.0.1",
                    "bundled": true,
                    "requires": {
                        "graceful-fs": "^4.1.6",
                        "universalify": "^1.0.0"
                    }
                },
                "minimatch": {
                    "version": "3.0.4",
                    "bundled": true,
                    "requires": {
                        "brace-expansion": "^1.1.7"
                    }
                },
                "universalify": {
                    "version": "1.0.0",
                    "bundled": true
                }
            }
        },
        "@aws-cdk/custom-resources": {
            "version": "1.61.1",
            "resolved": "https://registry.npmjs.org/@aws-cdk/custom-resources/-/custom-resources-1.61.1.tgz",
            "integrity": "sha512-Wah7wniS2VNalNPr8BwTwpYKPfyQil8r6kAKszah2djYlPc9IR6ZkkFrnquwNkSl3V2q1Mc6ebr8XmpycRoVZA==",
            "requires": {
                "@aws-cdk/aws-cloudformation": "1.61.1",
                "@aws-cdk/aws-iam": "1.61.1",
                "@aws-cdk/aws-lambda": "1.61.1",
                "@aws-cdk/aws-logs": "1.61.1",
                "@aws-cdk/aws-sns": "1.61.1",
                "@aws-cdk/core": "1.61.1",
                "constructs": "^3.0.4"
            }
        },
        "@aws-cdk/cx-api": {
            "version": "1.61.1",
            "resolved": "https://registry.npmjs.org/@aws-cdk/cx-api/-/cx-api-1.61.1.tgz",
            "integrity": "sha512-p4ICmUMprrhAnnKRPV42Ptxz9nC6LxhgpOKFFyYFS7QJVZUuolv8aCN4Ew5R4S4ZvuG0T+TzrB9pZXVKsHdAdQ==",
            "requires": {
                "@aws-cdk/cloud-assembly-schema": "1.61.1",
                "semver": "^7.2.2"
            },
            "dependencies": {
                "semver": {
                    "version": "7.3.2",
                    "bundled": true
                }
            }
        },
        "@aws-cdk/region-info": {
            "version": "1.61.1",
            "resolved": "https://registry.npmjs.org/@aws-cdk/region-info/-/region-info-1.61.1.tgz",
            "integrity": "sha512-T7i9qR/9OfsVnoEiQlKpNDtUpOS31DeXdnT1yfDsD6GGWlJMuDrVuJ79R1xJRQxNbP3WLhq+9WZHMK7hqdb4pA=="
        },
        "@cloudcomponents/cdk-codepipeline-dockerfile-linter-action": {
            "version": "1.0.25",
            "resolved": "https://registry.npmjs.org/@cloudcomponents/cdk-codepipeline-dockerfile-linter-action/-/cdk-codepipeline-dockerfile-linter-action-1.0.25.tgz",
            "integrity": "sha512-0v3lxd31+ZKD89s8Du1BB2igiYiHfn8eDWHBsSKyFrtMSkLbg0/9/ClMuMmD92ZX2FUdQgGczKCaJFWBwzw6zQ==",
            "requires": {
                "@aws-cdk/aws-codebuild": "^1.61.0",
                "@aws-cdk/aws-codepipeline": "^1.61.0",
                "@aws-cdk/aws-codepipeline-actions": "^1.61.0",
                "@aws-cdk/aws-iam": "^1.61.0",
                "@aws-cdk/core": "^1.61.0"
            }
        },
        "constructs": {
            "version": "3.0.4",
            "resolved": "https://registry.npmjs.org/constructs/-/constructs-3.0.4.tgz",
            "integrity": "sha512-CDvg7gMjphE3DFX4pzkF6j73NREbR8npPFW8Mx/CLRnMR035+Y1o1HrXIsNSss/dq3ZUnNTU9jKyd3fL9EOlfw=="
        },
        "htmltidy": {
            "version": "0.0.6",
            "resolved": "https://registry.npmjs.org/htmltidy/-/htmltidy-0.0.6.tgz",
            "integrity": "sha1-EHTiuO8axarR4Ww8sUeM8imYnWg="
        }
    }
}
